
Microsoft Visual Studio Solution File, Format Version 12.00
# Visual Studio 15
VisualStudioVersion = 15.0.26403.7
MinimumVisualStudioVersion = 10.0.40219.1
Project("{FAE04EC0-301F-11D3-BF4B-00C04F79EFBC}") = "Emesary", "Emesary\Emesary.csproj", "{EAD9A57B-C856-43A8-A6D3-9DB34FE2F978}"
EndProject
Project("{FAE04EC0-301F-11D3-BF4B-00C04F79EFBC}") = "Tests", "Tests\Tests.csproj", "{FE310A88-571E-4FE5-BA34-F4D8C40CC21B}"
EndProject
Project("{2150E333-8FDC-42A3-9474-1A3956D46DE8}") = "Solution Items", "Solution Items", "{49D22469-99B9-4E21-9623-68CB3EF6F733}"
	ProjectSection(SolutionItems) = preProject
		Emesary.vsmdi = Emesary.vsmdi
		Local.testsettings = Local.testsettings
		TraceAndTestImpact.testsettings = TraceAndTestImpact.testsettings
	EndProjectSection
EndProject
Project("{FAE04EC0-301F-11D3-BF4B-00C04F79EFBC}") = "WpfDemo", "WpfDemo\WpfDemo.csproj", "{BB8ECECD-832D-4F4F-AD86-94B2AD4D62F5}"
EndProject
Project("{FAE04EC0-301F-11D3-BF4B-00C04F79EFBC}") = "SampleQueueOperation", "SampleQueueOperation\SampleQueueOperation.csproj", "{EF4C8A2F-525A-4841-B4DB-B6EC30FC11DB}"
EndProject
Project("{FAE04EC0-301F-11D3-BF4B-00C04F79EFBC}") = "TestsNet451", "TestsNet451\TestsNet451.csproj", "{5ED9EDBB-9294-4557-B082-52A4738350E2}"
EndProject
Project("{FAE04EC0-301F-11D3-BF4B-00C04F79EFBC}") = "MSMQ-dev", "MSMQ-dev\MSMQ-dev.csproj", "{B5F6FC77-1998-42D2-9534-6A8CE7CA542F}"
EndProject
Project("{FAE04EC0-301F-11D3-BF4B-00C04F79EFBC}") = "MSMQ-Bridge", "MSMQ-Bridge\MSMQ-Bridge.csproj", "{2FD55D5B-9768-4CD5-973E-FF295DC9182E}"
EndProject
Project("{FAE04EC0-301F-11D3-BF4B-00C04F79EFBC}") = "Emesary4", "Emesary4\Emesary4.csproj", "{0CC3908C-D826-4135-B6F0-D253CC82ADAE}"
EndProject
Project("{FAE04EC0-301F-11D3-BF4B-00C04F79EFBC}") = "Emesary45", "Emesary45\Emesary45.csproj", "{90624ECB-EE63-4CB5-84B9-B7B1B8C75E4A}"
EndProject
Project("{FAE04EC0-301F-11D3-BF4B-00C04F79EFBC}") = "Emesary46", "Emesary46\Emesary46.csproj", "{97A61A7F-045F-4AB0-8D9D-6315309D9150}"
EndProject
Project("{FAE04EC0-301F-11D3-BF4B-00C04F79EFBC}") = "HTTPBridge", "HTTPBridge\HTTPBridge.csproj", "{588A3E56-FA5D-4A9F-AD30-B8E795A23D70}"
EndProject
Project("{8BC9CEB8-8B4A-11D0-8D11-00A0C91BC942}") = "EmesaryC++", "EmesaryC++\EmesaryC++.vcxproj", "{A3ECB2E9-8544-4AA6-88C9-415F7CA6A6A6}"
EndProject
Project("{2150E333-8FDC-42A3-9474-1A3956D46DE8}") = ".nuget", ".nuget", "{F8932248-5966-4065-88A1-462F497FC3EB}"
	ProjectSection(SolutionItems) = preProject
		.nuget\NuGet.Config = .nuget\NuGet.Config
		.nuget\NuGet.exe = .nuget\NuGet.exe
		.nuget\NuGet.targets = .nuget\NuGet.targets
	EndProjectSection
EndProject
Project("{FAE04EC0-301F-11D3-BF4B-00C04F79EFBC}") = "Emesary.Core", "Emesary.Core\Emesary.Core.csproj", "{E4818FC3-E069-4F66-A98C-913D3CE38F82}"
EndProject
Global
	GlobalSection(SolutionConfigurationPlatforms) = preSolution
		Debug|Any CPU = Debug|Any CPU
		Debug|ARM = Debug|ARM
		Debug|Mixed Platforms = Debug|Mixed Platforms
		Debug|Win32 = Debug|Win32
		Debug|x64 = Debug|x64
		Debug|x86 = Debug|x86
		Release|Any CPU = Release|Any CPU
		Release|ARM = Release|ARM
		Release|Mixed Platforms = Release|Mixed Platforms
		Release|Win32 = Release|Win32
		Release|x64 = Release|x64
		Release|x86 = Release|x86
	EndGlobalSection
	GlobalSection(ProjectConfigurationPlatforms) = postSolution
		{EAD9A57B-C856-43A8-A6D3-9DB34FE2F978}.Debug|Any CPU.ActiveCfg = Debug|Any CPU
		{EAD9A57B-C856-43A8-A6D3-9DB34FE2F978}.Debug|Any CPU.Build.0 = Debug|Any CPU
		{EAD9A57B-C856-43A8-A6D3-9DB34FE2F978}.Debug|ARM.ActiveCfg = Debug|Any CPU
		{EAD9A57B-C856-43A8-A6D3-9DB34FE2F978}.Debug|Mixed Platforms.ActiveCfg = Debug|Any CPU
		{EAD9A57B-C856-43A8-A6D3-9DB34FE2F978}.Debug|Mixed Platforms.Build.0 = Debug|Any CPU
		{EAD9A57B-C856-43A8-A6D3-9DB34FE2F978}.Debug|Win32.ActiveCfg = Debug|Any CPU
		{EAD9A57B-C856-43A8-A6D3-9DB34FE2F978}.Debug|x64.ActiveCfg = Debug|Any CPU
		{EAD9A57B-C856-43A8-A6D3-9DB34FE2F978}.Debug|x86.ActiveCfg = Debug|Any CPU
		{EAD9A57B-C856-43A8-A6D3-9DB34FE2F978}.Release|Any CPU.ActiveCfg = Release|Any CPU
		{EAD9A57B-C856-43A8-A6D3-9DB34FE2F978}.Release|Any CPU.Build.0 = Release|Any CPU
		{EAD9A57B-C856-43A8-A6D3-9DB34FE2F978}.Release|ARM.ActiveCfg = Release|Any CPU
		{EAD9A57B-C856-43A8-A6D3-9DB34FE2F978}.Release|Mixed Platforms.ActiveCfg = Release|Any CPU
		{EAD9A57B-C856-43A8-A6D3-9DB34FE2F978}.Release|Mixed Platforms.Build.0 = Release|Any CPU
		{EAD9A57B-C856-43A8-A6D3-9DB34FE2F978}.Release|Win32.ActiveCfg = Release|Any CPU
		{EAD9A57B-C856-43A8-A6D3-9DB34FE2F978}.Release|x64.ActiveCfg = Release|Any CPU
		{EAD9A57B-C856-43A8-A6D3-9DB34FE2F978}.Release|x86.ActiveCfg = Release|Any CPU
		{FE310A88-571E-4FE5-BA34-F4D8C40CC21B}.Debug|Any CPU.ActiveCfg = Debug|Any CPU
		{FE310A88-571E-4FE5-BA34-F4D8C40CC21B}.Debug|Any CPU.Build.0 = Debug|Any CPU
		{FE310A88-571E-4FE5-BA34-F4D8C40CC21B}.Debug|ARM.ActiveCfg = Debug|Any CPU
		{FE310A88-571E-4FE5-BA34-F4D8C40CC21B}.Debug|Mixed Platforms.ActiveCfg = Debug|Any CPU
		{FE310A88-571E-4FE5-BA34-F4D8C40CC21B}.Debug|Mixed Platforms.Build.0 = Debug|Any CPU
		{FE310A88-571E-4FE5-BA34-F4D8C40CC21B}.Debug|Win32.ActiveCfg = Debug|Any CPU
		{FE310A88-571E-4FE5-BA34-F4D8C40CC21B}.Debug|x64.ActiveCfg = Debug|Any CPU
		{FE310A88-571E-4FE5-BA34-F4D8C40CC21B}.Debug|x86.ActiveCfg = Debug|Any CPU
		{FE310A88-571E-4FE5-BA34-F4D8C40CC21B}.Release|Any CPU.ActiveCfg = Release|Any CPU
		{FE310A88-571E-4FE5-BA34-F4D8C40CC21B}.Release|Any CPU.Build.0 = Release|Any CPU
		{FE310A88-571E-4FE5-BA34-F4D8C40CC21B}.Release|ARM.ActiveCfg = Release|Any CPU
		{FE310A88-571E-4FE5-BA34-F4D8C40CC21B}.Release|Mixed Platforms.ActiveCfg = Release|Any CPU
		{FE310A88-571E-4FE5-BA34-F4D8C40CC21B}.Release|Mixed Platforms.Build.0 = Release|Any CPU
		{FE310A88-571E-4FE5-BA34-F4D8C40CC21B}.Release|Win32.ActiveCfg = Release|Any CPU
		{FE310A88-571E-4FE5-BA34-F4D8C40CC21B}.Release|x64.ActiveCfg = Release|Any CPU
		{FE310A88-571E-4FE5-BA34-F4D8C40CC21B}.Release|x86.ActiveCfg = Release|Any CPU
		{BB8ECECD-832D-4F4F-AD86-94B2AD4D62F5}.Debug|Any CPU.ActiveCfg = Debug|x86
		{BB8ECECD-832D-4F4F-AD86-94B2AD4D62F5}.Debug|ARM.ActiveCfg = Debug|x86
		{BB8ECECD-832D-4F4F-AD86-94B2AD4D62F5}.Debug|Mixed Platforms.ActiveCfg = Debug|x86
		{BB8ECECD-832D-4F4F-AD86-94B2AD4D62F5}.Debug|Mixed Platforms.Build.0 = Debug|x86
		{BB8ECECD-832D-4F4F-AD86-94B2AD4D62F5}.Debug|Win32.ActiveCfg = Debug|x86
		{BB8ECECD-832D-4F4F-AD86-94B2AD4D62F5}.Debug|Win32.Build.0 = Debug|x86
		{BB8ECECD-832D-4F4F-AD86-94B2AD4D62F5}.Debug|x64.ActiveCfg = Debug|x86
		{BB8ECECD-832D-4F4F-AD86-94B2AD4D62F5}.Debug|x86.ActiveCfg = Debug|x86
		{BB8ECECD-832D-4F4F-AD86-94B2AD4D62F5}.Debug|x86.Build.0 = Debug|x86
		{BB8ECECD-832D-4F4F-AD86-94B2AD4D62F5}.Release|Any CPU.ActiveCfg = Release|x86
		{BB8ECECD-832D-4F4F-AD86-94B2AD4D62F5}.Release|ARM.ActiveCfg = Release|x86
		{BB8ECECD-832D-4F4F-AD86-94B2AD4D62F5}.Release|Mixed Platforms.ActiveCfg = Release|x86
		{BB8ECECD-832D-4F4F-AD86-94B2AD4D62F5}.Release|Mixed Platforms.Build.0 = Release|x86
		{BB8ECECD-832D-4F4F-AD86-94B2AD4D62F5}.Release|Win32.ActiveCfg = Release|x86
		{BB8ECECD-832D-4F4F-AD86-94B2AD4D62F5}.Release|Win32.Build.0 = Release|x86
		{BB8ECECD-832D-4F4F-AD86-94B2AD4D62F5}.Release|x64.ActiveCfg = Release|x86
		{BB8ECECD-832D-4F4F-AD86-94B2AD4D62F5}.Release|x86.ActiveCfg = Release|x86
		{BB8ECECD-832D-4F4F-AD86-94B2AD4D62F5}.Release|x86.Build.0 = Release|x86
		{EF4C8A2F-525A-4841-B4DB-B6EC30FC11DB}.Debug|Any CPU.ActiveCfg = Debug|Any CPU
		{EF4C8A2F-525A-4841-B4DB-B6EC30FC11DB}.Debug|Any CPU.Build.0 = Debug|Any CPU
		{EF4C8A2F-525A-4841-B4DB-B6EC30FC11DB}.Debug|ARM.ActiveCfg = Debug|Any CPU
		{EF4C8A2F-525A-4841-B4DB-B6EC30FC11DB}.Debug|Mixed Platforms.ActiveCfg = Debug|Any CPU
		{EF4C8A2F-525A-4841-B4DB-B6EC30FC11DB}.Debug|Mixed Platforms.Build.0 = Debug|Any CPU
		{EF4C8A2F-525A-4841-B4DB-B6EC30FC11DB}.Debug|Win32.ActiveCfg = Debug|Any CPU
		{EF4C8A2F-525A-4841-B4DB-B6EC30FC11DB}.Debug|x64.ActiveCfg = Debug|Any CPU
		{EF4C8A2F-525A-4841-B4DB-B6EC30FC11DB}.Debug|x86.ActiveCfg = Debug|Any CPU
		{EF4C8A2F-525A-4841-B4DB-B6EC30FC11DB}.Release|Any CPU.ActiveCfg = Release|Any CPU
		{EF4C8A2F-525A-4841-B4DB-B6EC30FC11DB}.Release|Any CPU.Build.0 = Release|Any CPU
		{EF4C8A2F-525A-4841-B4DB-B6EC30FC11DB}.Release|ARM.ActiveCfg = Release|Any CPU
		{EF4C8A2F-525A-4841-B4DB-B6EC30FC11DB}.Release|Mixed Platforms.ActiveCfg = Release|Any CPU
		{EF4C8A2F-525A-4841-B4DB-B6EC30FC11DB}.Release|Mixed Platforms.Build.0 = Release|Any CPU
		{EF4C8A2F-525A-4841-B4DB-B6EC30FC11DB}.Release|Win32.ActiveCfg = Release|Any CPU
		{EF4C8A2F-525A-4841-B4DB-B6EC30FC11DB}.Release|x64.ActiveCfg = Release|Any CPU
		{EF4C8A2F-525A-4841-B4DB-B6EC30FC11DB}.Release|x86.ActiveCfg = Release|Any CPU
		{5ED9EDBB-9294-4557-B082-52A4738350E2}.Debug|Any CPU.ActiveCfg = Debug|Any CPU
		{5ED9EDBB-9294-4557-B082-52A4738350E2}.Debug|Any CPU.Build.0 = Debug|Any CPU
		{5ED9EDBB-9294-4557-B082-52A4738350E2}.Debug|ARM.ActiveCfg = Debug|Any CPU
		{5ED9EDBB-9294-4557-B082-52A4738350E2}.Debug|Mixed Platforms.ActiveCfg = Debug|Any CPU
		{5ED9EDBB-9294-4557-B082-52A4738350E2}.Debug|Mixed Platforms.Build.0 = Debug|Any CPU
		{5ED9EDBB-9294-4557-B082-52A4738350E2}.Debug|Win32.ActiveCfg = Debug|Any CPU
		{5ED9EDBB-9294-4557-B082-52A4738350E2}.Debug|x64.ActiveCfg = Debug|Any CPU
		{5ED9EDBB-9294-4557-B082-52A4738350E2}.Debug|x86.ActiveCfg = Debug|Any CPU
		{5ED9EDBB-9294-4557-B082-52A4738350E2}.Release|Any CPU.ActiveCfg = Release|Any CPU
		{5ED9EDBB-9294-4557-B082-52A4738350E2}.Release|Any CPU.Build.0 = Release|Any CPU
		{5ED9EDBB-9294-4557-B082-52A4738350E2}.Release|ARM.ActiveCfg = Release|Any CPU
		{5ED9EDBB-9294-4557-B082-52A4738350E2}.Release|Mixed Platforms.ActiveCfg = Release|Any CPU
		{5ED9EDBB-9294-4557-B082-52A4738350E2}.Release|Mixed Platforms.Build.0 = Release|Any CPU
		{5ED9EDBB-9294-4557-B082-52A4738350E2}.Release|Win32.ActiveCfg = Release|Any CPU
		{5ED9EDBB-9294-4557-B082-52A4738350E2}.Release|x64.ActiveCfg = Release|Any CPU
		{5ED9EDBB-9294-4557-B082-52A4738350E2}.Release|x86.ActiveCfg = Release|Any CPU
		{B5F6FC77-1998-42D2-9534-6A8CE7CA542F}.Debug|Any CPU.ActiveCfg = Debug|Any CPU
		{B5F6FC77-1998-42D2-9534-6A8CE7CA542F}.Debug|Any CPU.Build.0 = Debug|Any CPU
		{B5F6FC77-1998-42D2-9534-6A8CE7CA542F}.Debug|ARM.ActiveCfg = Debug|Any CPU
		{B5F6FC77-1998-42D2-9534-6A8CE7CA542F}.Debug|Mixed Platforms.ActiveCfg = Debug|Any CPU
		{B5F6FC77-1998-42D2-9534-6A8CE7CA542F}.Debug|Mixed Platforms.Build.0 = Debug|Any CPU
		{B5F6FC77-1998-42D2-9534-6A8CE7CA542F}.Debug|Win32.ActiveCfg = Debug|Any CPU
		{B5F6FC77-1998-42D2-9534-6A8CE7CA542F}.Debug|x64.ActiveCfg = Debug|Any CPU
		{B5F6FC77-1998-42D2-9534-6A8CE7CA542F}.Debug|x86.ActiveCfg = Debug|Any CPU
		{B5F6FC77-1998-42D2-9534-6A8CE7CA542F}.Release|Any CPU.ActiveCfg = Release|Any CPU
		{B5F6FC77-1998-42D2-9534-6A8CE7CA542F}.Release|Any CPU.Build.0 = Release|Any CPU
		{B5F6FC77-1998-42D2-9534-6A8CE7CA542F}.Release|ARM.ActiveCfg = Release|Any CPU
		{B5F6FC77-1998-42D2-9534-6A8CE7CA542F}.Release|Mixed Platforms.ActiveCfg = Release|Any CPU
		{B5F6FC77-1998-42D2-9534-6A8CE7CA542F}.Release|Mixed Platforms.Build.0 = Release|Any CPU
		{B5F6FC77-1998-42D2-9534-6A8CE7CA542F}.Release|Win32.ActiveCfg = Release|Any CPU
		{B5F6FC77-1998-42D2-9534-6A8CE7CA542F}.Release|x64.ActiveCfg = Release|Any CPU
		{B5F6FC77-1998-42D2-9534-6A8CE7CA542F}.Release|x86.ActiveCfg = Release|Any CPU
		{2FD55D5B-9768-4CD5-973E-FF295DC9182E}.Debug|Any CPU.ActiveCfg = Debug|Any CPU
		{2FD55D5B-9768-4CD5-973E-FF295DC9182E}.Debug|Any CPU.Build.0 = Debug|Any CPU
		{2FD55D5B-9768-4CD5-973E-FF295DC9182E}.Debug|ARM.ActiveCfg = Debug|Any CPU
		{2FD55D5B-9768-4CD5-973E-FF295DC9182E}.Debug|Mixed Platforms.ActiveCfg = Debug|Any CPU
		{2FD55D5B-9768-4CD5-973E-FF295DC9182E}.Debug|Mixed Platforms.Build.0 = Debug|Any CPU
		{2FD55D5B-9768-4CD5-973E-FF295DC9182E}.Debug|Win32.ActiveCfg = Debug|Any CPU
		{2FD55D5B-9768-4CD5-973E-FF295DC9182E}.Debug|x64.ActiveCfg = Debug|Any CPU
		{2FD55D5B-9768-4CD5-973E-FF295DC9182E}.Debug|x86.ActiveCfg = Debug|Any CPU
		{2FD55D5B-9768-4CD5-973E-FF295DC9182E}.Release|Any CPU.ActiveCfg = Release|Any CPU
		{2FD55D5B-9768-4CD5-973E-FF295DC9182E}.Release|Any CPU.Build.0 = Release|Any CPU
		{2FD55D5B-9768-4CD5-973E-FF295DC9182E}.Release|ARM.ActiveCfg = Release|Any CPU
		{2FD55D5B-9768-4CD5-973E-FF295DC9182E}.Release|Mixed Platforms.ActiveCfg = Release|Any CPU
		{2FD55D5B-9768-4CD5-973E-FF295DC9182E}.Release|Mixed Platforms.Build.0 = Release|Any CPU
		{2FD55D5B-9768-4CD5-973E-FF295DC9182E}.Release|Win32.ActiveCfg = Release|Any CPU
		{2FD55D5B-9768-4CD5-973E-FF295DC9182E}.Release|x64.ActiveCfg = Release|Any CPU
		{2FD55D5B-9768-4CD5-973E-FF295DC9182E}.Release|x86.ActiveCfg = Release|Any CPU
		{0CC3908C-D826-4135-B6F0-D253CC82ADAE}.Debug|Any CPU.ActiveCfg = Debug|Any CPU
		{0CC3908C-D826-4135-B6F0-D253CC82ADAE}.Debug|Any CPU.Build.0 = Debug|Any CPU
		{0CC3908C-D826-4135-B6F0-D253CC82ADAE}.Debug|ARM.ActiveCfg = Debug|Any CPU
		{0CC3908C-D826-4135-B6F0-D253CC82ADAE}.Debug|Mixed Platforms.ActiveCfg = Debug|Any CPU
		{0CC3908C-D826-4135-B6F0-D253CC82ADAE}.Debug|Mixed Platforms.Build.0 = Debug|Any CPU
		{0CC3908C-D826-4135-B6F0-D253CC82ADAE}.Debug|Win32.ActiveCfg = Debug|Any CPU
		{0CC3908C-D826-4135-B6F0-D253CC82ADAE}.Debug|x64.ActiveCfg = Debug|Any CPU
		{0CC3908C-D826-4135-B6F0-D253CC82ADAE}.Debug|x86.ActiveCfg = Debug|Any CPU
		{0CC3908C-D826-4135-B6F0-D253CC82ADAE}.Release|Any CPU.ActiveCfg = Release|Any CPU
		{0CC3908C-D826-4135-B6F0-D253CC82ADAE}.Release|Any CPU.Build.0 = Release|Any CPU
		{0CC3908C-D826-4135-B6F0-D253CC82ADAE}.Release|ARM.ActiveCfg = Release|Any CPU
		{0CC3908C-D826-4135-B6F0-D253CC82ADAE}.Release|Mixed Platforms.ActiveCfg = Release|Any CPU
		{0CC3908C-D826-4135-B6F0-D253CC82ADAE}.Release|Mixed Platforms.Build.0 = Release|Any CPU
		{0CC3908C-D826-4135-B6F0-D253CC82ADAE}.Release|Win32.ActiveCfg = Release|Any CPU
		{0CC3908C-D826-4135-B6F0-D253CC82ADAE}.Release|x64.ActiveCfg = Release|Any CPU
		{0CC3908C-D826-4135-B6F0-D253CC82ADAE}.Release|x86.ActiveCfg = Release|Any CPU
		{90624ECB-EE63-4CB5-84B9-B7B1B8C75E4A}.Debug|Any CPU.ActiveCfg = Debug|Any CPU
		{90624ECB-EE63-4CB5-84B9-B7B1B8C75E4A}.Debug|Any CPU.Build.0 = Debug|Any CPU
		{90624ECB-EE63-4CB5-84B9-B7B1B8C75E4A}.Debug|ARM.ActiveCfg = Debug|Any CPU
		{90624ECB-EE63-4CB5-84B9-B7B1B8C75E4A}.Debug|Mixed Platforms.ActiveCfg = Debug|Any CPU
		{90624ECB-EE63-4CB5-84B9-B7B1B8C75E4A}.Debug|Mixed Platforms.Build.0 = Debug|Any CPU
		{90624ECB-EE63-4CB5-84B9-B7B1B8C75E4A}.Debug|Win32.ActiveCfg = Debug|Any CPU
		{90624ECB-EE63-4CB5-84B9-B7B1B8C75E4A}.Debug|x64.ActiveCfg = Debug|Any CPU
		{90624ECB-EE63-4CB5-84B9-B7B1B8C75E4A}.Debug|x86.ActiveCfg = Debug|Any CPU
		{90624ECB-EE63-4CB5-84B9-B7B1B8C75E4A}.Release|Any CPU.ActiveCfg = Release|Any CPU
		{90624ECB-EE63-4CB5-84B9-B7B1B8C75E4A}.Release|Any CPU.Build.0 = Release|Any CPU
		{90624ECB-EE63-4CB5-84B9-B7B1B8C75E4A}.Release|ARM.ActiveCfg = Release|Any CPU
		{90624ECB-EE63-4CB5-84B9-B7B1B8C75E4A}.Release|Mixed Platforms.ActiveCfg = Release|Any CPU
		{90624ECB-EE63-4CB5-84B9-B7B1B8C75E4A}.Release|Mixed Platforms.Build.0 = Release|Any CPU
		{90624ECB-EE63-4CB5-84B9-B7B1B8C75E4A}.Release|Win32.ActiveCfg = Release|Any CPU
		{90624ECB-EE63-4CB5-84B9-B7B1B8C75E4A}.Release|x64.ActiveCfg = Release|Any CPU
		{90624ECB-EE63-4CB5-84B9-B7B1B8C75E4A}.Release|x86.ActiveCfg = Release|Any CPU
		{97A61A7F-045F-4AB0-8D9D-6315309D9150}.Debug|Any CPU.ActiveCfg = Debug|Any CPU
		{97A61A7F-045F-4AB0-8D9D-6315309D9150}.Debug|Any CPU.Build.0 = Debug|Any CPU
		{97A61A7F-045F-4AB0-8D9D-6315309D9150}.Debug|ARM.ActiveCfg = Debug|Any CPU
		{97A61A7F-045F-4AB0-8D9D-6315309D9150}.Debug|Mixed Platforms.ActiveCfg = Debug|Any CPU
		{97A61A7F-045F-4AB0-8D9D-6315309D9150}.Debug|Mixed Platforms.Build.0 = Debug|Any CPU
		{97A61A7F-045F-4AB0-8D9D-6315309D9150}.Debug|Win32.ActiveCfg = Debug|Any CPU
		{97A61A7F-045F-4AB0-8D9D-6315309D9150}.Debug|x64.ActiveCfg = Debug|Any CPU
		{97A61A7F-045F-4AB0-8D9D-6315309D9150}.Debug|x86.ActiveCfg = Debug|Any CPU
		{97A61A7F-045F-4AB0-8D9D-6315309D9150}.Release|Any CPU.ActiveCfg = Release|Any CPU
		{97A61A7F-045F-4AB0-8D9D-6315309D9150}.Release|Any CPU.Build.0 = Release|Any CPU
		{97A61A7F-045F-4AB0-8D9D-6315309D9150}.Release|ARM.ActiveCfg = Release|Any CPU
		{97A61A7F-045F-4AB0-8D9D-6315309D9150}.Release|Mixed Platforms.ActiveCfg = Release|Any CPU
		{97A61A7F-045F-4AB0-8D9D-6315309D9150}.Release|Mixed Platforms.Build.0 = Release|Any CPU
		{97A61A7F-045F-4AB0-8D9D-6315309D9150}.Release|Win32.ActiveCfg = Release|Any CPU
		{97A61A7F-045F-4AB0-8D9D-6315309D9150}.Release|x64.ActiveCfg = Release|Any CPU
		{97A61A7F-045F-4AB0-8D9D-6315309D9150}.Release|x86.ActiveCfg = Release|Any CPU
		{588A3E56-FA5D-4A9F-AD30-B8E795A23D70}.Debug|Any CPU.ActiveCfg = Debug|Any CPU
		{588A3E56-FA5D-4A9F-AD30-B8E795A23D70}.Debug|Any CPU.Build.0 = Debug|Any CPU
		{588A3E56-FA5D-4A9F-AD30-B8E795A23D70}.Debug|ARM.ActiveCfg = Debug|Any CPU
		{588A3E56-FA5D-4A9F-AD30-B8E795A23D70}.Debug|Mixed Platforms.ActiveCfg = Debug|Any CPU
		{588A3E56-FA5D-4A9F-AD30-B8E795A23D70}.Debug|Mixed Platforms.Build.0 = Debug|Any CPU
		{588A3E56-FA5D-4A9F-AD30-B8E795A23D70}.Debug|Win32.ActiveCfg = Debug|Any CPU
		{588A3E56-FA5D-4A9F-AD30-B8E795A23D70}.Debug|x64.ActiveCfg = Debug|Any CPU
		{588A3E56-FA5D-4A9F-AD30-B8E795A23D70}.Debug|x86.ActiveCfg = Debug|Any CPU
		{588A3E56-FA5D-4A9F-AD30-B8E795A23D70}.Release|Any CPU.ActiveCfg = Release|Any CPU
		{588A3E56-FA5D-4A9F-AD30-B8E795A23D70}.Release|Any CPU.Build.0 = Release|Any CPU
		{588A3E56-FA5D-4A9F-AD30-B8E795A23D70}.Release|ARM.ActiveCfg = Release|Any CPU
		{588A3E56-FA5D-4A9F-AD30-B8E795A23D70}.Release|Mixed Platforms.ActiveCfg = Release|Any CPU
		{588A3E56-FA5D-4A9F-AD30-B8E795A23D70}.Release|Mixed Platforms.Build.0 = Release|Any CPU
		{588A3E56-FA5D-4A9F-AD30-B8E795A23D70}.Release|Win32.ActiveCfg = Release|Any CPU
		{588A3E56-FA5D-4A9F-AD30-B8E795A23D70}.Release|x64.ActiveCfg = Release|Any CPU
		{588A3E56-FA5D-4A9F-AD30-B8E795A23D70}.Release|x86.ActiveCfg = Release|Any CPU
		{A3ECB2E9-8544-4AA6-88C9-415F7CA6A6A6}.Debug|Any CPU.ActiveCfg = Debug|Win32
		{A3ECB2E9-8544-4AA6-88C9-415F7CA6A6A6}.Debug|ARM.ActiveCfg = Debug|ARM
		{A3ECB2E9-8544-4AA6-88C9-415F7CA6A6A6}.Debug|ARM.Build.0 = Debug|ARM
		{A3ECB2E9-8544-4AA6-88C9-415F7CA6A6A6}.Debug|Mixed Platforms.ActiveCfg = Debug|Win32
		{A3ECB2E9-8544-4AA6-88C9-415F7CA6A6A6}.Debug|Mixed Platforms.Build.0 = Debug|Win32
		{A3ECB2E9-8544-4AA6-88C9-415F7CA6A6A6}.Debug|Win32.ActiveCfg = Debug|Win32
		{A3ECB2E9-8544-4AA6-88C9-415F7CA6A6A6}.Debug|Win32.Build.0 = Debug|Win32
		{A3ECB2E9-8544-4AA6-88C9-415F7CA6A6A6}.Debug|x64.ActiveCfg = Debug|x64
		{A3ECB2E9-8544-4AA6-88C9-415F7CA6A6A6}.Debug|x64.Build.0 = Debug|x64
		{A3ECB2E9-8544-4AA6-88C9-415F7CA6A6A6}.Debug|x86.ActiveCfg = Debug|Win32
		{A3ECB2E9-8544-4AA6-88C9-415F7CA6A6A6}.Debug|x86.Build.0 = Debug|Win32
		{A3ECB2E9-8544-4AA6-88C9-415F7CA6A6A6}.Release|Any CPU.ActiveCfg = Release|Win32
		{A3ECB2E9-8544-4AA6-88C9-415F7CA6A6A6}.Release|ARM.ActiveCfg = Release|ARM
		{A3ECB2E9-8544-4AA6-88C9-415F7CA6A6A6}.Release|ARM.Build.0 = Release|ARM
		{A3ECB2E9-8544-4AA6-88C9-415F7CA6A6A6}.Release|Mixed Platforms.ActiveCfg = Release|Win32
		{A3ECB2E9-8544-4AA6-88C9-415F7CA6A6A6}.Release|Mixed Platforms.Build.0 = Release|Win32
		{A3ECB2E9-8544-4AA6-88C9-415F7CA6A6A6}.Release|Win32.ActiveCfg = Release|Win32
		{A3ECB2E9-8544-4AA6-88C9-415F7CA6A6A6}.Release|Win32.Build.0 = Release|Win32
		{A3ECB2E9-8544-4AA6-88C9-415F7CA6A6A6}.Release|x64.ActiveCfg = Release|x64
		{A3ECB2E9-8544-4AA6-88C9-415F7CA6A6A6}.Release|x64.Build.0 = Release|x64
		{A3ECB2E9-8544-4AA6-88C9-415F7CA6A6A6}.Release|x86.ActiveCfg = Release|Win32
		{A3ECB2E9-8544-4AA6-88C9-415F7CA6A6A6}.Release|x86.Build.0 = Release|Win32
		{E4818FC3-E069-4F66-A98C-913D3CE38F82}.Debug|Any CPU.ActiveCfg = Debug|Any CPU
		{E4818FC3-E069-4F66-A98C-913D3CE38F82}.Debug|Any CPU.Build.0 = Debug|Any CPU
		{E4818FC3-E069-4F66-A98C-913D3CE38F82}.Debug|ARM.ActiveCfg = Debug|Any CPU
		{E4818FC3-E069-4F66-A98C-913D3CE38F82}.Debug|ARM.Build.0 = Debug|Any CPU
		{E4818FC3-E069-4F66-A98C-913D3CE38F82}.Debug|Mixed Platforms.ActiveCfg = Debug|Any CPU
		{E4818FC3-E069-4F66-A98C-913D3CE38F82}.Debug|Mixed Platforms.Build.0 = Debug|Any CPU
		{E4818FC3-E069-4F66-A98C-913D3CE38F82}.Debug|Win32.ActiveCfg = Debug|Any CPU
		{E4818FC3-E069-4F66-A98C-913D3CE38F82}.Debug|Win32.Build.0 = Debug|Any CPU
		{E4818FC3-E069-4F66-A98C-913D3CE38F82}.Debug|x64.ActiveCfg = Debug|Any CPU
		{E4818FC3-E069-4F66-A98C-913D3CE38F82}.Debug|x64.Build.0 = Debug|Any CPU
		{E4818FC3-E069-4F66-A98C-913D3CE38F82}.Debug|x86.ActiveCfg = Debug|Any CPU
		{E4818FC3-E069-4F66-A98C-913D3CE38F82}.Debug|x86.Build.0 = Debug|Any CPU
		{E4818FC3-E069-4F66-A98C-913D3CE38F82}.Release|Any CPU.ActiveCfg = Release|Any CPU
		{E4818FC3-E069-4F66-A98C-913D3CE38F82}.Release|Any CPU.Build.0 = Release|Any CPU
		{E4818FC3-E069-4F66-A98C-913D3CE38F82}.Release|ARM.ActiveCfg = Release|Any CPU
		{E4818FC3-E069-4F66-A98C-913D3CE38F82}.Release|ARM.Build.0 = Release|Any CPU
		{E4818FC3-E069-4F66-A98C-913D3CE38F82}.Release|Mixed Platforms.ActiveCfg = Release|Any CPU
		{E4818FC3-E069-4F66-A98C-913D3CE38F82}.Release|Mixed Platforms.Build.0 = Release|Any CPU
		{E4818FC3-E069-4F66-A98C-913D3CE38F82}.Release|Win32.ActiveCfg = Release|Any CPU
		{E4818FC3-E069-4F66-A98C-913D3CE38F82}.Release|Win32.Build.0 = Release|Any CPU
		{E4818FC3-E069-4F66-A98C-913D3CE38F82}.Release|x64.ActiveCfg = Release|Any CPU
		{E4818FC3-E069-4F66-A98C-913D3CE38F82}.Release|x64.Build.0 = Release|Any CPU
		{E4818FC3-E069-4F66-A98C-913D3CE38F82}.Release|x86.ActiveCfg = Release|Any CPU
		{E4818FC3-E069-4F66-A98C-913D3CE38F82}.Release|x86.Build.0 = Release|Any CPU
	EndGlobalSection
	GlobalSection(SolutionProperties) = preSolution
		HideSolutionNode = FALSE
	EndGlobalSection
	GlobalSection(TestCaseManagementSettings) = postSolution
		CategoryFile = Emesary.vsmdi
	EndGlobalSection
	GlobalSection(SubversionScc) = preSolution
		Svn-Managed = True
		Manager = AnkhSVN - Subversion Support for Visual Studio
	EndGlobalSection
EndGlobal
